cloud.google.com/go v0.26.0/go.mod h1:aQUYkXzVsufM+DwF1aE+0xfcU+56JwCaLick0ClmMTw=
github.com/AndreasBriese/bbloom v0.0.0-20190306092124-e2d15f34fcf9 h1:HD8gA2tkByhMAwYaFAX9w2l7vxvBQ5NMoxDrkhqhtn4=
github.com/AndreasBriese/bbloom v0.0.0-20190306092124-e2d15f34fcf9/go.mod h1:bOvUY6CB00SOBii9/FifXqc0awNKxLFCL/+pkDPuyl8=
github.com/Azure/go-ansiterm v0.0.0-20170929234023-d6e3b3328b78 h1:w+iIsaOQNcT7OZ575w+acHgRric5iCyQh+xv+KJ4HB8=
github.com/Azure/go-ansiterm v0.0.0-20170929234023-d6e3b3328b78/go.mod h1:LmzpDX56iTiv29bbRTIsUNlaFfuhWRQBWjQdVyAevI8=
github.com/BurntSushi/toml v0.3.1 h1:WXkYYl6Yr3qBf1K79EBnL4mak0OimBfB0XUf9Vl28OQ=
github.com/BurntSushi/toml v0.3.1/go.mod h1:xHWCNGjB5oqiDr8zfno3MHue2Ht5sIBksp03qcyfWMU=
github.com/Microsoft/go-winio v0.4.11 h1:zoIOcVf0xPN1tnMVbTtEdI+P8OofVk3NObnwOQ6nK2Q=
github.com/Microsoft/go-winio v0.4.11/go.mod h1:VhR8bwka0BXejwEJY73c50VrPtXAaKcyvVC4A4RozmA=
github.com/Nvveen/Gotty v0.0.0-20120604004816-cd527374f1e5 h1:TngWCqHvy9oXAN6lEVMRuU21PR1EtLVZJmdB18Gu3Rw=
github.com/Nvveen/Gotty v0.0.0-20120604004816-cd527374f1e5/go.mod h1:lmUJ/7eu/Q8D7ML55dXQrVaamCz2vxCfdQBasLZfHKk=
github.com/agl/ed25519 v0.0.0-20170116200512-5312a6153412 h1:w1UutsfOrms1J05zt7ISrnJIXKzwaspym5BTKGx93EI=
github.com/agl/ed25519 v0.0.0-20170116200512-5312a6153412/go.mod h1:WPjqKcmVOxf0XSf3YxCJs6N6AOSrOx3obionmG7T0y0=
github.com/armon/consul-api v0.0.0-20180202201655-eb2c6b5be1b6/go.mod h1:grANhF5doyWs3UAsr3K4I6qtAmlQcZDesFNEHPZAzj8=
github.com/beorn7/perks v0.0.0-20180321164747-3a771d992973 h1:xJ4a3vCFaGF/jqvzLMYoU8P317H5OQ+Via4RmuPwCS0=
github.com/beorn7/perks v0.0.0-20180321164747-3a771d992973/go.mod h1:Dwedo/Wpr24TaqPxmxbtue+5NUziq4I4S80YR8gNf3Q=
github.com/btcsuite/btcd v0.0.0-20181013004428-67e573d211ac h1:/zx+Hglw2JN/pwVam1Z8cTCTl4pWyrbvOn2oooqCQSs=
github.com/btcsuite/btcd v0.0.0-20181013004428-67e573d211ac/go.mod h1:Dmm/EzmjnCiweXmzRIAiUWCInVmPgjkzgv5k4tVyXiQ=
github.com/btcsuite/btcutil v0.0.0-20180706230648-ab6388e0c60a h1:RQMUrEILyYJEoAT34XS/kLu40vC0+po/UfxrBBA4qZE=
github.com/btcsuite/btcutil v0.0.0-20180706230648-ab6388e0c60a/go.mod h1:+5NJ2+qvTyV9exUAL/rxXi3DcLg2Ts+ymUAY5y4NvMg=
github.com/client9/misspell v0.3.4/go.mod h1:qj6jICC3Q7zFZvVWo7KLAzC3yx5G7kyvSDkc90ppPyw=
github.com/coreos/etcd v3.3.10+incompatible h1:KjVWqrZ5U0wa3CxY2AxlH6/UcB+PK2td1DcsYhA+HRs=
github.com/coreos/etcd v3.3.10+incompatible/go.mod h1:uF7uidLiAD3TWHmW31ZFd/JWoc32PjwdhPthX9715RE=
github.com/coreos/go-etcd v2.0.0+incompatible/go.mod h1:Jez6KQU2B/sWsbdaef3ED8NzMklzPG4d5KIOhIy30Tk=
github.com/coreos/go-semver v0.2.0 h1:3Jm3tLmsgAYcjC+4Up7hJrFBPr+n7rAqYeSw/SZazuY=
github.com/coreos/go-semver v0.2.0/go.mod h1:nnelYz7RCh+5ahJtPPxZlU+153eP4D4r3EedlOD2RNk=
github.com/davecgh/go-spew v1.1.1 h1:vj9j/u1bqnvCEfJOwUhtlOARqs3+rkHYY13jYWTU97c=
github.com/davecgh/go-spew v1.1.1/go.mod h1:J7Y8YcW2NihsgmVo/mv3lAwl/skON4iLHjSsI+c5H38=
github.com/dgraph-io/badger v1.5.4 h1:gVTrpUTbbr/T24uvoCaqY2KSHfNLVGm0w+hbee2HMeg=
github.com/dgraph-io/badger v1.5.4/go.mod h1:VZxzAIRPHRVNRKRo6AXrX9BJegn6il06VMTZVJYCIjQ=
github.com/dgraph-io/badger v2.0.0-rc.2+incompatible h1:7KPp6xv5+wymkVUbkAnZZXvmDrJlf09m/7u1HG5lAYA=
github.com/dgraph-io/badger v2.0.0-rc.2+incompatible/go.mod h1:VZxzAIRPHRVNRKRo6AXrX9BJegn6il06VMTZVJYCIjQ=
github.com/dgryski/go-farm v0.0.0-20190323231341-8198c7b169ec h1:sElGDs3V8VdCxH5tWi0ycWJzteOPLJ3HtItSSKI95PY=
github.com/dgryski/go-farm v0.0.0-20190323231341-8198c7b169ec/go.mod h1:SqUrOPUnsFjfmXRMNPybcSiG0BgUW2AuFH8PAnS2iTw=
github.com/docker/distribution v2.7.0+incompatible h1:neUDAlf3wX6Ml4HdqTrbcOHXtfRN0TFIwt6YFL7N9RU=
github.com/docker/distribution v2.7.0+incompatible/go.mod h1:J2gT2udsDAN96Uj4KfcMRqY0/ypR+oyYUYmja8H+y+w=
github.com/docker/docker v0.7.3-0.20190115220918-5ec31380a5d3 h1:xF51N+uPJAXQYwkfx+60SHwxvfAZj/HHv/OdLmjB8ag=
github.com/docker/docker v0.7.3-0.20190115220918-5ec31380a5d3/go.mod h1:eEKB0N0r5NX/I1kEveEz05bcu8tLC/8azJZsviup8Sk=
github.com/docker/go-connections v0.4.1-0.20180821093606-97c2040d34df h1:cGbd/ECh4QPOc6+Tbvdk5NjCcOYESiwc1RjXp0XciVg=
github.com/docker/go-connections v0.4.1-0.20180821093606-97c2040d34df/go.mod h1:Gbd7IOopHjR8Iph03tsViu4nIes5XhDvyHbTtUxmeec=
github.com/docker/go-units v0.3.3 h1:Xk8S3Xj5sLGlG5g67hJmYMmUgXv5N4PhkjJHHqrwnTk=
github.com/docker/go-units v0.3.3/go.mod h1:fgPhTUdO+D/Jk86RDLlptpiXQzgHJF7gydDDbaIK4Dk=
github.com/dustin/go-humanize v1.0.0 h1:VSnTsYCnlFHaM2/igO1h6X3HA71jcobQuxemgkq4zYo=
github.com/dustin/go-humanize v1.0.0/go.mod h1:HtrtbFcZ19U5GC7JDqmcUSB87Iq5E25KnS6fMYU6eOk=
github.com/fd/go-nat v1.0.0 h1:DPyQ97sxA9ThrWYRPcWUz/z9TnpTIGRYODIQc/dy64M=
github.com/fd/go-nat v1.0.0/go.mod h1:BTBu/CKvMmOMUPkKVef1pngt2WFH/lg7E6yQnulfp6E=
github.com/fsnotify/fsnotify v1.4.7 h1:IXs+QLmnXW2CcXuY+8Mzv/fWEsPGWxqefPtCP5CnV9I=
github.com/fsnotify/fsnotify v1.4.7/go.mod h1:jwhsz4b93w/PPRr/qN1Yymfu8t87LnFCMoQvtojpjFo=
github.com/ghodss/yaml v1.0.0/go.mod h1:4dBDuWmgqj2HViK6kFavaiC9ZROes6MMH2rRYeMEF04=
github.com/go-check/check v0.0.0-20180628173108-788fd7840127 h1:0gkP6mzaMqkmpcJYCFOLkIBwI7xFExG03bbkOkCvUPI=
github.com/go-check/check v0.0.0-20180628173108-788fd7840127/go.mod h1:9ES+weclKsC9YodN5RgxqK/VD9HM9JsCSh7rNhMZE98=
github.com/go-stack/stack v1.8.0 h1:5SgMzNM5HxrEjV0ww2lTmX6E2Izsfxas4+YHWRs3Lsk=
github.com/go-stack/stack v1.8.0/go.mod h1:v0f6uXyyMGvRgIKkXu+yp6POWl0qKG85gN/melR3HDY=
github.com/gogo/protobuf v1.2.0 h1:xU6/SpYbvkNYiptHJYEDRseDLvYE7wSqhYYNy0QSUzI=
github.com/gogo/protobuf v1.2.0/go.mod h1:r8qH/GZQm5c6nD/R0oafs1akxWv10x8SbQlK7atdtwQ=
github.com/golang/glog v0.0.0-20160126235308-23def4e6c14b h1:VKtxabqXZkF25pY9ekfRL6a582T4P37/31XEstQ5p58=
github.com/golang/glog v0.0.0-20160126235308-23def4e6c14b/go.mod h1:SBH7ygxi8pfUlaOkMMuAQtPIUF8ecWP5IEl/CR7VP2Q=
github.com/golang/lint v0.0.0-20180702182130-06c8688daad7/go.mod h1:tluoj9z5200jBnyusfRPU2LqT6J+DAorxEvtC7LHB+E=
github.com/golang/mock v1.1.1/go.mod h1:oTYuIxOrZwtPieC+H1uAHpcLFnEyAGVDL/k47Jfbm0A=
github.com/golang/protobuf v1.2.0 h1:P3YflyNX/ehuJFLhxviNdFxQPkGK5cDcApsge1SqnvM=
github.com/golang/protobuf v1.2.0/go.mod h1:6lQm79b+lXiMfvg/cZm0SGofjICqVBUtrP5yJMmIC1U=
github.com/golang/protobuf v1.3.1 h1:YF8+flBXS5eO826T4nzqPrxfhQThhXl0YzfuUPu4SBg=
github.com/golang/protobuf v1.3.1/go.mod h1:6lQm79b+lXiMfvg/cZm0SGofjICqVBUtrP5yJMmIC1U=
github.com/golang/snappy v0.0.0-20180518054509-2e65f85255db h1:woRePGFeVFfLKN/pOkfl+p/TAqKOfFu+7KPlMVpok/w=
github.com/golang/snappy v0.0.0-20180518054509-2e65f85255db/go.mod h1:/XxbfmMg8lxefKM7IXC3fBNl/7bRcc72aCRzEWrmP2Q=
github.com/google/go-cmp v0.2.0 h1:+dTQ8DZQJz0Mb/HjFlkptS1FeQ4cWSnN941F8aEG4SQ=
github.com/google/go-cmp v0.2.0/go.mod h1:oXzfMopK8JAjlY9xF4vHSVASa0yLyX7SntLO5aqRK0M=
github.com/google/uuid v1.1.0 h1:Jf4mxPC/ziBnoPIdpQdPJ9OeiomAUHLvxmPRSPH9m4s=
github.com/google/uuid v1.1.0/go.mod h1:TIyPZe4MgqvfeYDBFedMoGGpEw/LqOeaOT+nhxU+yHo=
github.com/gorilla/context v1.1.1 h1:AWwleXJkX/nhcU9bZSnZoi3h/qGYqQAGhq6zZe/aQW8=
github.com/gorilla/context v1.1.1/go.mod h1:kBGZzfjB9CEq2AlWe17Uuf7NDRt0dE0s8S51q0aT7Yg=
github.com/gorilla/mux v1.6.2 h1:Pgr17XVTNXAk3q/r4CpKzC5xBM/qW1uVLV+IhRZpIIk=
github.com/gorilla/mux v1.6.2/go.mod h1:1lud6UwP+6orDFRuTfBEV8e9/aOM/c4fVVCaMa2zaAs=
github.com/gorilla/websocket v1.4.0 h1:WDFjx/TMzVgy9VdMMQi2K2Emtwi2QcUQsztZ/zLaH/Q=
github.com/gorilla/websocket v1.4.0/go.mod h1:E7qHFY5m1UJ88s3WnNqhKjPHQ0heANvMoAMk2YaljkQ=
github.com/grpc-ecosystem/go-grpc-prometheus v1.2.0 h1:Ovs26xHkKqVztRpIrF/92BcuyuQ/YW4NSIpoGtfXNho=
github.com/grpc-ecosystem/go-grpc-prometheus v1.2.0/go.mod h1:8NvIoxWQoOIhqOTXgfV/d3M/q6VIi02HzZEHgUlZvzk=
github.com/grpc-ecosystem/grpc-gateway v1.8.5 h1:2+KSC78XiO6Qy0hIjfc1OD9H+hsaJdJlb8Kqsd41CTE=
github.com/grpc-ecosystem/grpc-gateway v1.8.5/go.mod h1:vNeuVxBJEsws4ogUvrchl83t/GYV9WGTSLVdBhOQFDY=
github.com/gxed/hashland v0.0.0-20180221191214-d9f6b97f8db2 h1:neM/RzmgBKxsJ3ioEZnIQmgQQq/sn6xDqYOEYnH3RYM=
github.com/gxed/hashland v0.0.0-20180221191214-d9f6b97f8db2/go.mod h1:YUhWml1NaWLTNBl4NPptkB8MadfaIhgq+a2TRc+Mw4Q=
github.com/hashicorp/golang-lru v0.5.0 h1:CL2msUPvZTLb5O648aiLNJw3hnBxN2+1Jq8rCOH9wdo=
github.com/hashicorp/golang-lru v0.5.0/go.mod h1:/m3WP610KZHVQ1SGc6re/UDhFvYD7pJ4Ao+sR/qLZy8=
github.com/hashicorp/hcl v1.0.0 h1:0Anlzjpi4vEasTeNFn2mLJgTSwt0+6sfsiTG8qcWGx4=
github.com/hashicorp/hcl v1.0.0/go.mod h1:E5yfLk+7swimpb2L/Alb/PJmXilQ/rhwaUYs4T20WEQ=
github.com/hpcloud/tail v1.0.0 h1:nfCOvKYfkgYP8hkirhJocXT2+zOD8yUNjXaWfTlyFKI=
github.com/hpcloud/tail v1.0.0/go.mod h1:ab1qPbhIpdTxEkNHXyeSf5vhxWSCs/tWer42PpOxQnU=
github.com/huin/goupnp v0.0.0-20180415215157-1395d1447324 h1:PV190X5/DzQ/tbFFG5YpT5mH6q+cHlfgqI5JuRnH9oE=
github.com/huin/goupnp v0.0.0-20180415215157-1395d1447324/go.mod h1:MZ2ZmwcBpvOoJ22IJsc7va19ZwoheaBk43rKg12SKag=
github.com/inconshreveable/mousetrap v1.0.0 h1:Z8tu5sraLXCXIcARxBp/8cbvlwVa7Z1NHg9XEKhtSvM=
github.com/inconshreveable/mousetrap v1.0.0/go.mod h1:PxqpIevigyE2G7u3NXJIT2ANytuPF1OarO4DADm73n8=
github.com/ipfs/go-cid v0.9.0 h1:EdO7meRzk9MpAo8DbOmPDU3Yh2BQ4ABc0xN2wgEtREA=
github.com/ipfs/go-cid v0.9.0/go.mod h1:DEZAg7ik3SR8PY77P+hNaWtHtBirqeEgHbfmePL8WJA=
github.com/ipfs/go-datastore v3.2.0+incompatible h1:d9fANkqO9u1kgx6FSlZb8eZPDzD2uthVikkJAI7CUII=
github.com/ipfs/go-datastore v3.2.0+incompatible/go.mod h1:bYmHO9fuKO1Ca7dpdDBWQl0mndy5b0HFqSJjGlNYtzs=
github.com/ipfs/go-detect-race v1.0.1 h1:cWfwbM/um9XsEc2qp8cBGqcXIUg9J8NzmjgJr55AAso=
github.com/ipfs/go-detect-race v1.0.1/go.mod h1:8BNT7shDZPo99Q74BpGMK+4D8Mn4j46UU0LZ723meps=
github.com/ipfs/go-ipfs-addr v0.1.25 h1:ef6l+uLdEljAWa4+7Wiw5YHIYPIVX8P08iVJ6fTweCY=
github.com/ipfs/go-ipfs-addr v0.1.25/go.mod h1:Gu5hZ8kxPyIDoXv8edvNpIYSkRciSp7QbLUFGNxd/sQ=
github.com/ipfs/go-ipfs-util v1.2.8 h1:iZ+OcHCaN2BaHU0pe9JDGVySHUUmfwqHA2pd7XxMh7A=
github.com/ipfs/go-ipfs-util v1.2.8/go.mod h1:bmXd4M1Sn0MFKptfxu9KuWvtHySyFMzkSd2rcT8Hw80=
github.com/ipfs/go-log v1.5.7 h1:8ef7XW41hzAnvVNkK5009/bOA9/MFr7fhdzkfAqvolI=
github.com/ipfs/go-log v1.5.7/go.mod h1:AKYS9u+ECLT8t30brTaoVwu3f1FpGx6C0352oI1zQ0Q=
github.com/ipfs/go-todocounter v1.0.1 h1:YExLZ2JceUGDc0of36cNGgl0fqHvPHVpgpxHsQ2tYrg=
github.com/ipfs/go-todocounter v1.0.1/go.mod h1:l5aErvQc8qKE2r7NDMjmq5UNAvuZy0rC8BHOplkWvZ4=
github.com/jackpal/gateway v1.0.4 h1:LS5EHkLuQ6jzaHwULi0vL+JO0mU/n4yUtK8oUjHHOlM=
github.com/jackpal/gateway v1.0.4/go.mod h1:lTpwd4ACLXmpyiCTRtfiNyVnUmqT9RivzCDQetPfnjA=
github.com/jackpal/go-nat-pmp v1.0.1 h1:i0LektDkO1QlrTm/cSuP+PyBCDnYvjPLGl4LdWEMiaA=
github.com/jackpal/go-nat-pmp v1.0.1/go.mod h1:QPH045xvCAeXUZOxsnwmrtiCoxIr9eob+4orBN1SBKc=
github.com/jbenet/go-cienv v0.0.0-20150120210510-1bb1476777ec h1:DQqZhhDvrTrEQ3Qod5yfavcA064e53xlQ+xajiorXgM=
github.com/jbenet/go-cienv v0.0.0-20150120210510-1bb1476777ec/go.mod h1:rGaEvXB4uRSZMmzKNLoXvTu1sfx+1kv/DojUlPrSZGs=
github.com/jbenet/go-context v0.0.0-20150711004518-d14ea06fba99 h1:BQSFePA1RWJOlocH6Fxy8MmwDt+yVQYULKfN0RoTN8A=
github.com/jbenet/go-context v0.0.0-20150711004518-d14ea06fba99/go.mod h1:1lJo3i6rXxKeerYnT8Nvf0QmHCRC1n8sfWVwXF2Frvo=
github.com/jbenet/go-randbuf v0.0.0-20160322125720-674640a50e6a h1:MUZ5SN21sddytgKf4tb6rKkzO9uMLlZxIV5IpW/ZgRY=
github.com/jbenet/go-randbuf v0.0.0-20160322125720-674640a50e6a/go.mod h1:z659Yhk+3iK3C42MGnioXmP9y8uly7LuJaoDGyQyJp4=
github.com/jbenet/go-temp-err-catcher v0.0.0-20150120210811-aac704a3f4f2 h1:vhC1OXXiT9R2pczegwz6moDvuRpggaroAXhPIseh57A=
github.com/jbenet/go-temp-err-catcher v0.0.0-20150120210811-aac704a3f4f2/go.mod h1:8GXXJV31xl8whumTzdZsTt3RnUIiPqzkyf7mxToRCMs=
github.com/jbenet/goprocess v0.0.0-20160826012719-b497e2f366b8 h1:bspPhN+oKYFk5fcGNuQzp6IGzYQSenLEgH3s6jkXrWw=
github.com/jbenet/goprocess v0.0.0-20160826012719-b497e2f366b8/go.mod h1:Ly/wlsjFq/qrU3Rar62tu1gASgGw6chQbSh/XgIIXCY=
github.com/kisielk/gotool v1.0.0/go.mod h1:XhKaO+MFFWcvkIS/tQcRk01m1F5IRFswLeQ+oQHNcck=
github.com/konsorten/go-windows-terminal-sequences v1.0.1 h1:mweAR1A6xJ3oS2pRaGiHgQ4OO8tzTaLawm8vnODuwDk=
github.com/konsorten/go-windows-terminal-sequences v1.0.1/go.mod h1:T0+1ngSBFLxvqU3pZ+m/2kptfBszLMUkC4ZK/EgS/cQ=
github.com/kr/pretty v0.1.0 h1:L/CwN0zerZDmRFUapSPitk6f+Q3+0za1rQkzVuMiMFI=
github.com/kr/pretty v0.1.0/go.mod h1:dAy3ld7l9f0ibDNOQOHHMYYIIbhfbHSm3C4ZsoJORNo=
github.com/kr/pty v1.1.1/go.mod h1:pFQYn66WHrOpPYNljwOMqo10TkYh1fy3cYio2l3bCsQ=
github.com/kr/text v0.1.0 h1:45sCR5RtlFHMR4UwH9sdQ5TC8v0qDQCHnXt+kaKSTVE=
github.com/kr/text v0.1.0/go.mod h1:4Jbv+DJW3UT/LiOwJeYQe1efqtUx/iVham/4vfdArNI=
github.com/libp2p/go-addr-util v2.0.7+incompatible h1:Su3MLsvDzl7afq0Z99sCjQxhrjOpf/dVBIWOBur9qlY=
github.com/libp2p/go-addr-util v2.0.7+incompatible/go.mod h1:doh2auL/Rkfq1xHxDrWJGHZ8yDojPerOZoPu9XVwRB8=
github.com/libp2p/go-buffer-pool v0.1.1 h1:G2HLfT76cZIb1x6jPJ3E14um5SzHn/fea4kMgNDPOuU=
github.com/libp2p/go-buffer-pool v0.1.1/go.mod h1:xtyIz9PMobb13WaxR6Zo1Pd1zXJKYg0a8KiIvDp3TzQ=
github.com/libp2p/go-conn-security v0.1.15 h1:Ohx7vYeje1Wal+eIBUkejcaQPhVjOAZveXoFmo5pArA=
github.com/libp2p/go-conn-security v0.1.15/go.mod h1:lIqm8x2wrAxlG+6CzJ3z4Nk5/F73zdjkS6RKbHSbaJ4=
github.com/libp2p/go-conn-security-multistream v0.1.15 h1:ZpIz9u+000dcUM4+S65rUfjSmwKNFFND+MFSLH0z6oc=
github.com/libp2p/go-conn-security-multistream v0.1.15/go.mod h1:hBY3HYjGnK86P3pX3wgr9IAfe3A/vZB830LJAMi1g88=
github.com/libp2p/go-flow-metrics v0.2.0 h1:GAJSg/g+xLuc7vz0RN96pRA9q/n5b5+Hs6SndagmOR4=
github.com/libp2p/go-flow-metrics v0.2.0/go.mod h1:Iv1GH0sG8DtYN3SVJ2eG221wMiNpZxBdp967ls1g+k8=
github.com/libp2p/go-libp2p v6.0.29+incompatible h1:5Ma1c9yDtuK5ek0rR8l1vIjAUU47AdwubcfahVjB2uo=
github.com/libp2p/go-libp2p v6.0.29+incompatible/go.mod h1:CyUlFa6Mw04PkmMg8gBIlHUl8j3TrEiA6oFiF4SgD8w=
github.com/libp2p/go-libp2p-autonat v0.0.0-20181221182007-93b1787f76de h1:8kgV23E91cxSNwV2+czpURB4UTtMIpW85BPcALh+wQs=
github.com/libp2p/go-libp2p-autonat v0.0.0-20181221182007-93b1787f76de/go.mod h1:xTjIQDpwWGdQyxXHrQ53UDED6FWYN8LErC+7e3yONiY=
github.com/libp2p/go-libp2p-blankhost v0.3.15 h1:hI8d0Piq1gkeDAYf1SVafUyaKny6e9MOrEIWnGQiOCE=
github.com/libp2p/go-libp2p-blankhost v0.3.15/go.mod h1:v1Lnlzn2DFfVeAk2O19BnVm/OaoRlFZwSyq015ZT11I=
github.com/libp2p/go-libp2p-circuit v2.3.2+incompatible h1:WDJeAL9hBPsqymApE4j2UGT4ScwX75PPdJIXqz8QuMc=
github.com/libp2p/go-libp2p-circuit v2.3.2+incompatible/go.mod h1:DH3RV0Tb4cHZAdSsdNOitADXTqRiFZxJmSk7mMcCFN4=
github.com/libp2p/go-libp2p-crypto v2.0.1+incompatible h1:JAnZYupeAsZI5UqX50N9MWAVNO5HIfkow249YcmuvVs=
github.com/libp2p/go-libp2p-crypto v2.0.1+incompatible/go.mod h1:WHpT3tvhh7GM2INNJhQBuI6J+5z/o3QI0lTF5UVjppk=
github.com/libp2p/go-libp2p-discovery v0.0.0-20181218190140-cc4105e21706 h1:+7UwoAfjcBnyGYx0m7lLU2fOAjFeqy985aGJCY0YtWg=
github.com/libp2p/go-libp2p-discovery v0.0.0-20181218190140-cc4105e21706/go.mod h1:x77VonQuwToLyzZQJ6LG/Ai4o+3/u3ofz0S3K/JsTo8=
github.com/libp2p/go-libp2p-host v3.0.15+incompatible h1:8hHOOHT6MqkjbFHUx5ocxTu+H/hllx5zi4txz0KWD0E=
github.com/libp2p/go-libp2p-host v3.0.15+incompatible/go.mod h1:iAthoepYpyqzb89f4RmqzF9+ebsWPFBTvSedSlcWupg=
github.com/libp2p/go-libp2p-interface-connmgr v0.0.21 h1:XJtqDLi860LtusR6mY2PCPGeYXmFjm7gXb+ksqwnCpI=
github.com/libp2p/go-libp2p-interface-connmgr v0.0.21/go.mod h1:2LbTwxMveREcmkOWo/s6MM7xDvSZbW8J8kYDF4Mj648=
github.com/libp2p/go-libp2p-interface-pnet v3.0.0+incompatible h1:MNYpwR4opxOJGkDdlV4Vypd7aM6mlt76fad4m4KLk4k=
github.com/libp2p/go-libp2p-interface-pnet v3.0.0+incompatible/go.mod h1:el9jHpQAXK5dnTpKA4yfCNBZXvrzdOU75zz+C6ryp3k=
github.com/libp2p/go-libp2p-kad-dht v4.4.12+incompatible h1:l5SmsvVxRTFO2+3Wg/91b5ElAQ1fZD7Z40KsWOXgZq8=
github.com/libp2p/go-libp2p-kad-dht v4.4.12+incompatible/go.mod h1:o7SLAgKvO96vfE0SrzjJfAdCbJjKRfRnbtyUIQg+rqg=
github.com/libp2p/go-libp2p-kbucket v2.2.12+incompatible h1:iiUIxaHtRg09TvMfiCqCoqQsgDEOylz3Dvjb5q/juIw=
github.com/libp2p/go-libp2p-kbucket v2.2.12+incompatible/go.mod h1:MTtm31eal94QTxVOWYTDZ6G1YOJRN2G3ESQHbaPytLk=
github.com/libp2p/go-libp2p-loggables v1.1.24 h1:Uy59Z4AK53YZaswhlKwYM9tk/KOoQijpPliyl4TuAx4=
github.com/libp2p/go-libp2p-loggables v1.1.24/go.mod h1:jcP5HmpEBcQ2w5u9xhLkCv73GBPKz3weC/s6ZWhXn+k=
github.com/libp2p/go-libp2p-metrics v2.1.7+incompatible h1:daZgPZley96uWijqkfphS+EjNgj+wkMaNZA7Ie/O0t8=
github.com/libp2p/go-libp2p-metrics v2.1.7+incompatible/go.mod h1:ko4lRyuvbgwwxD2TJvt2RHONahjJlkn6l7L/iEbJBf0=
github.com/libp2p/go-libp2p-nat v0.8.8 h1:WUu6PfYMrUmcXb8hdP5tT+hua7o5nYwRZmSm1/JGSAc=
github.com/libp2p/go-libp2p-nat v0.8.8/go.mod h1:cA6+rN+EcOAzmSL3vQ53VxX/FfOL1WGeJUvZgqjm2eQ=
github.com/libp2p/go-libp2p-net v3.0.15+incompatible h1:7GDYsyQSXpGxS4SVxBt+iw5nbDnmVJWBg1XLdrzHOlo=
github.com/libp2p/go-libp2p-net v3.0.15+incompatible/go.mod h1:8W6Wx3AZbTRTe8zSMLoAmT3mGyau+w6kGIRk+Z+MZ7Q=
github.com/libp2p/go-libp2p-netutil v0.4.12 h1:D2BDSMw7UNK2BBy3/vCmw13W0PTZY2e6eagD1P9jVoY=
github.com/libp2p/go-libp2p-netutil v0.4.12/go.mod h1:lpxjq1x/eUtPYAZAtnC7dKWjQeTuYIYz2ZIPNDDBj3g=
github.com/libp2p/go-libp2p-peer v2.4.0+incompatible h1:1THIuO/h7GuITklYS7RgGCyoVl8aP9XH4NcokcdhDZc=
github.com/libp2p/go-libp2p-peer v2.4.0+incompatible/go.mod h1:fS2eFKRO1IomwBAf+SuE8P1XOT/AAiqSgVPNIFA7Jc0=
github.com/libp2p/go-libp2p-peerstore v2.0.6+incompatible h1:Jip/IIApZv58SNgSZctjJkLJf1c/zvUgwszTa0ihZbI=
github.com/libp2p/go-libp2p-peerstore v2.0.6+incompatible/go.mod h1:lLfgn0N3z2t+ER57a88K7NTZjMO27ez5TyWSURd428E=
github.com/libp2p/go-libp2p-protocol v1.0.0 h1:6AnF76m2VjjiaDisOahQnWSnX2WWaISOXC7q9/YJIrM=
github.com/libp2p/go-libp2p-protocol v1.0.0/go.mod h1:Af9n4PiruirSDjHycM1QuiMi/1VZNHYcK8cLgFJLZ4s=
github.com/libp2p/go-libp2p-record v4.1.7+incompatible h1:SDxar7iuh4z03b85lr8tVMSKNWWK73RLkQKyPwcxIeo=
github.com/libp2p/go-libp2p-record v4.1.7+incompatible/go.mod h1:fsxr7H89UzzL4pG23Aq2n/5aNAXxdGEbyBVepo8oXy8=
github.com/libp2p/go-libp2p-routing v2.7.1+incompatible h1:uS0k70z1Bmu6LKTofR6FhbNMBzZsS5uwHzLD3LjT3no=
github.com/libp2p/go-libp2p-routing v2.7.1+incompatible/go.mod h1:Alff8O712wWiftX462zvknNmi5RmXtLq/gATcxJ/Hq8=
github.com/libp2p/go-libp2p-secio v2.0.17+incompatible h1:Vihojo4Vro7Nx8/b129kziQlpoC8n1MxRmc/yEaxNBw=
github.com/libp2p/go-libp2p-secio v2.0.17+incompatible/go.mod h1:U7wBlYK2sZbUiTaGe6xJd/fyNq40gwn+jBk/iEUbUrA=
github.com/libp2p/go-libp2p-swarm v3.0.22+incompatible h1:nisFdWpgwDpgZpbxtruX9yZCN2XbOiSNRhR1zcOUhcA=
github.com/libp2p/go-libp2p-swarm v3.0.22+incompatible/go.mod h1:NHa7cA4/y8OKFw3BHQjLL9pwPDFXkgECO/k+2gqSFuk=
github.com/libp2p/go-libp2p-transport v3.0.15+incompatible h1:48KfTznuB0vEPcGN+exe3Au92Q4HvcZS3YTVMZbIQhs=
github.com/libp2p/go-libp2p-transport v3.0.15+incompatible/go.mod h1:lcwgOszllbhvQXul37Kv5YbSYXPoUhRB2Z+Nr3jaBmo=
github.com/libp2p/go-libp2p-transport-upgrader v0.1.16 h1:lUvSzPZHNgjZREVVv22IU4+teU2S7ovmqrW6nf9T/YQ=
github.com/libp2p/go-libp2p-transport-upgrader v0.1.16/go.mod h1:5r+arPlxwtCEF1aVi/fTQF/ZWGSPHLxBov1DlXDevDA=
github.com/libp2p/go-maddr-filter v1.1.10 h1:wzVup6MP3FLiiMnK9A2WlIx97UIPflyjEdIBzpYBbb4=
github.com/libp2p/go-maddr-filter v1.1.10/go.mod h1:9uHkmfw086BVLQyQFAbe/peEO9Iley6dafqm3cKHIAk=
github.com/libp2p/go-mplex v0.2.30 h1:oU4Tcs/0Mftdrm3/SXKtwy2SMdLY6oYv/V/FFQYRxXM=
github.com/libp2p/go-mplex v0.2.30/go.mod h1:00WmJEYVKH/Kz6wCom3VmxX7re6B/jgSZmkydBYAZ1w=
github.com/libp2p/go-msgio v0.0.6 h1:e8n/z4Z3AP9gmOITuJVLuD9Ok0ZOvjiNDsh1AAhd4EY=
github.com/libp2p/go-msgio v0.0.6/go.mod h1:u5M7EDois/gQxdPuEfNYQks5cAu9oxUGDU3dRkGping=
github.com/libp2p/go-reuseport v0.2.0 h1:gF9stUz461IFSuL4Uba8tEUFSS5gSUWEke7WuTgjSaw=
github.com/libp2p/go-reuseport v0.2.0/go.mod h1:ViUXkfLbcaqzYb7Yyi7ZP/n8nAezADhH9oLvj6TA83E=
github.com/libp2p/go-reuseport-transport v0.2.0 h1:SPXhVKXf3Tq8TW+LUm4K82KmB6mmAnTD7UsWSKg0w+o=
github.com/libp2p/go-reuseport-transport v0.2.0/go.mod h1:S8t1q+GgSDc6ijrQDNlCZ5Xe2xpFZCZylXoZPconqZE=
github.com/libp2p/go-sockaddr v1.0.3/go.mod h1:N/q858DTOi0BT81GpvIRIls1x7my5oLpbxYZnbRXVBM=
github.com/libp2p/go-stream-muxer v3.0.1+incompatible h1:w9q15DATxItvgKwr6/z+47AC/lg2itwoxu4W/uh0EgA=
github.com/libp2p/go-stream-muxer v3.0.1+incompatible/go.mod h1:bAo8x7YkSpadMTbtTaxGVHWUQsR/l5MEaHbKaliuT14=
github.com/libp2p/go-tcp-transport v2.0.16+incompatible h1:xw8BoJ47Ra17ZTn+IR3i2VkOtzRjDgP29Lpr5Y7XyTg=
github.com/libp2p/go-tcp-transport v2.0.16+incompatible/go.mod h1:K6Zi9TkPvn5m/m0bktlJ6Fv9Vna2wvr/jiCtTRC7T8o=
github.com/libp2p/go-testutil v1.2.10 h1:WvC9YIFDdUcnkY7Z82iACQHE+iJyGqxSPyvgpxIk82U=
github.com/libp2p/go-testutil v1.2.10/go.mod h1:8FHCRBHdt9BibhKebrOqVTJyW4cOZc52bfrGmw7ja+4=
github.com/libp2p/go-ws-transport v2.0.15+incompatible h1:hErErrrux0IX4kNl8QTskoBGWkMJ0KH+2o9Y63M4Iwo=
github.com/libp2p/go-ws-transport v2.0.15+incompatible/go.mod h1:qx7Dcw4onTaVNI3iG6q3XOKwNQWnXYhNEHYmhgQmKKk=
github.com/magiconair/properties v1.8.0 h1:LLgXmsheXeRoUOBOjtwPQCWIYqM/LU1ayDtDePerRcY=
github.com/magiconair/properties v1.8.0/go.mod h1:PppfXfuXeibc/6YijjN8zIbojt8czPbwD3XqdrwzmxQ=
github.com/mattn/go-colorable v0.0.9 h1:UVL0vNpWh04HeJXV0KLcaT7r06gOH2l4OW6ddYRUIY4=
github.com/mattn/go-colorable v0.0.9/go.mod h1:9vuHe8Xs5qXnSaW/c/ABM9alt+Vo+STaOChaDxuIBZU=
github.com/mattn/go-isatty v0.0.4 h1:bnP0vzxcAdeI1zdubAl5PjU6zsERjGZb7raWodagDYs=
github.com/mattn/go-isatty v0.0.4/go.mod h1:M+lRXTBqGeGNdLjl/ufCoiOlB5xdOkqRJdNxMWT7Zi4=
github.com/matttproud/golang_protobuf_extensions v1.0.1 h1:4hp9jkHxhMHkqkrB3Ix0jegS5sx/RkqARlsWZ6pIwiU=
github.com/matttproud/golang_protobuf_extensions v1.0.1/go.mod h1:D8He9yQNgCq6Z5Ld7szi9bcBfOoFv/3dc6xSMkL2PC0=
github.com/minio/blake2b-simd v0.0.0-20160723061019-3f5f724cb5b1 h1:lYpkrQH5ajf0OXOcUbGjvZxxijuBwbbmlSxLiuofa+g=
github.com/minio/blake2b-simd v0.0.0-20160723061019-3f5f724cb5b1/go.mod h1:pD8RvIylQ358TN4wwqatJ8rNavkEINozVn9DtGI3dfQ=
github.com/minio/sha256-simd v0.0.0-20181005183134-51976451ce19 h1:d9VfRe71OW+ZtutCBgQ54kXBwFy5Tz5hR0OBIE6qlFo=
github.com/minio/sha256-simd v0.0.0-20181005183134-51976451ce19/go.mod h1:2FMWW+8GMoPweT6+pI63m9YE3Lmw4J71hV56Chs1E/U=
github.com/mitchellh/mapstructure v1.1.2 h1:fmNYVwqnSfB9mZU6OS2O6GsXM+wcskZDuKQzvN1EDeE=
github.com/mitchellh/mapstructure v1.1.2/go.mod h1:FVVH3fgwuzCH5S8UJGiWEs2h04kUh9fWfEaFds41c1Y=
github.com/mr-tron/base58 v1.1.0 h1:Y51FGVJ91WBqCEabAi5OPUz38eAx8DakuAm5svLcsfQ=
github.com/mr-tron/base58 v1.1.0/go.mod h1:xcD2VGqlgYjBdcBLw+TuYLr8afG+Hj8g2eTVqeSzSU8=
github.com/multiformats/go-multiaddr v1.4.0 h1:xt9fCCmSyTosXSvEhEqYnC75LiaDSdXycwOLJaDGPic=
github.com/multiformats/go-multiaddr v1.4.0/go.mod h1:1JAWc2R8uiQTLrCHI/lmOkXYu5B8025fQbZjq8//YgY=
github.com/multiformats/go-multiaddr-dns v0.2.5 h1:crSx6SJfKB1tHracH472jVXlMuw+JfaykVi6dNu/4ao=
github.com/multiformats/go-multiaddr-dns v0.2.5/go.mod h1:IGZKFM4G96cYgdMcUmHx5gtJxiHmvZLTQ9rdWXMKJyo=
github.com/multiformats/go-multiaddr-net v1.7.1 h1:1k758hMzdVA8+qE2z705TNWeemoi+oayshZwHBTWzcU=
github.com/multiformats/go-multiaddr-net v1.7.1/go.mod h1:AO4WqKzxLt+paJ0N0kufj6teQ2R6fZbnItDvGTwilmk=
github.com/multiformats/go-multibase v0.3.0 h1:KWPXEW0HCkqUHO7XZsoo0jwephTxh9roPT5fro7q0sw=
github.com/multiformats/go-multibase v0.3.0/go.mod h1:RUrDbdRB1mQ1K/3PAh7h7+6NliRK10PA5joM8V0IYLI=
github.com/multiformats/go-multihash v1.0.8 h1:pyowaBSivNxBr137ZjYkr0q4o41MKSJVPKuO7F7AAfY=
github.com/multiformats/go-multihash v1.0.8/go.mod h1:sT17phG+xVgnrZc8ht/ZoCIV0sKRwvmZkXk46UfSxM4=
github.com/multiformats/go-multistream v0.3.9 h1:ZqVaUxtVzjRUCGaO3596vk/rj9UXheIGAdKXXo/VKUA=
github.com/multiformats/go-multistream v0.3.9/go.mod h1:fJTiDfXJVmItycydCnNx4+wSzZ5NwG2FEVAI30fiovg=
github.com/onsi/ginkgo v1.6.0/go.mod h1:lLunBs/Ym6LB5Z9jYTR76FiuTmxDTDusOGeTQH+WWjE=
github.com/onsi/ginkgo v1.7.0 h1:WSHQ+IS43OoUrWtD1/bbclrwK8TTH5hzp+umCiuxHgs=
github.com/onsi/ginkgo v1.7.0/go.mod h1:lLunBs/Ym6LB5Z9jYTR76FiuTmxDTDusOGeTQH+WWjE=
github.com/onsi/gomega v1.4.3 h1:RE1xgDvH7imwFD45h+u2SgIfERHlS2yNG4DObb5BSKU=
github.com/onsi/gomega v1.4.3/go.mod h1:ex+gbHU/CVuBBDIJjb2X0qEXbFg53c61hWP/1CpauHY=
github.com/opencontainers/go-digest v1.0.0-rc1 h1:WzifXhOVOEOuFYOJAW6aQqW0TooG2iki3E3Ii+WN7gQ=
github.com/opencontainers/go-digest v1.0.0-rc1/go.mod h1:cMLVZDEM3+U2I4VmLI6N8jQYUd2OVphdqWwCJHrFt2s=
github.com/opencontainers/image-spec v1.0.1 h1:JMemWkRwHx4Zj+fVxWoMCFm/8sYGGrUVojFA6h/TRcI=
github.com/opencontainers/image-spec v1.0.1/go.mod h1:BtxoFyWECRxE4U/7sNtV5W15zMzWCbyJoFRP3s7yZA0=
github.com/opentracing/opentracing-go v1.0.2 h1:3jA2P6O1F9UOrWVpwrIo17pu01KWvNWg4X946/Y5Zwg=
github.com/opentracing/opentracing-go v1.0.2/go.mod h1:UkNAQd3GIcIGf0SeVgPpRdFStlNbqXla1AfSYxPUl2o=
github.com/patrickmn/go-cache v0.0.0-20170722040110-a3647f8e31d7 h1:TDCdfoLETbr1D5m3VZp/7ky1vG0/2D68UO0/opGRj9I=
github.com/patrickmn/go-cache v0.0.0-20170722040110-a3647f8e31d7/go.mod h1:3Qf8kWWT7OJRJbdiICTKqZju1ZixQ/KpMGzzAfe6+WQ=
github.com/pelletier/go-toml v1.2.0 h1:T5zMGML61Wp+FlcbWjRDT7yAxhJNAiPPLOFECq181zc=
github.com/pelletier/go-toml v1.2.0/go.mod h1:5z9KED0ma1S8pY6P1sdut58dfprrGBbd/94hg7ilaic=
github.com/pkg/errors v0.8.0/go.mod h1:bwawxfHBFNV+L2hUp1rHADufV3IMtnDRdf1r5NINEl0=
github.com/pkg/errors v0.8.1 h1:iURUrRGxPUNPdy5/HRSm+Yj6okJ6UtLINN0Q9M4+h3I=
github.com/pkg/errors v0.8.1/go.mod h1:bwawxfHBFNV+L2hUp1rHADufV3IMtnDRdf1r5NINEl0=
github.com/pmezard/go-difflib v1.0.0 h1:4DBwDE0NGyQoBHbLQYPwSUPoCMWR5BEzIk/f1lZbAQM=
github.com/pmezard/go-difflib v1.0.0/go.mod h1:iKH77koFhYxTK1pcRnkKkqfTogsbg7gZNVY4sRDYZ/4=
github.com/prometheus/client_golang v0.9.2 h1:awm861/B8OKDd2I/6o1dy3ra4BamzKhYOiGItCeZ740=
github.com/prometheus/client_golang v0.9.2/go.mod h1:OsXs2jCmiKlQ1lTBmv21f2mNfw4xf/QclQDMrYNZzcM=
github.com/prometheus/client_model v0.0.0-20180712105110-5c3871d89910 h1:idejC8f05m9MGOsuEi1ATq9shN03HrxNkD/luQvxCv8=
github.com/prometheus/client_model v0.0.0-20180712105110-5c3871d89910/go.mod h1:MbSGuTsp3dbXC40dX6PRTWyKYBIrTGTE9sqQNg2J8bo=
github.com/prometheus/common v0.0.0-20181126121408-4724e9255275 h1:PnBWHBf+6L0jOqq0gIVUe6Yk0/QMZ640k6NvkxcBf+8=
github.com/prometheus/common v0.0.0-20181126121408-4724e9255275/go.mod h1:daVV7qP5qjZbuso7PdcryaAu0sAZbrN9i7WWcTMWvro=
github.com/prometheus/procfs v0.0.0-20181204211112-1dc9a6cbc91a h1:9a8MnZMP0X2nLJdBg+pBmGgkJlSaKC2KaQmTCk1XDtE=
github.com/prometheus/procfs v0.0.0-20181204211112-1dc9a6cbc91a/go.mod h1:c3At6R/oaqEKCNdg8wHV1ftS6bRYblBhIjjI8uT2IGk=
github.com/rogpeppe/fastuuid v0.0.0-20150106093220-6724a57986af/go.mod h1:XWv6SoW27p1b0cqNHllgS5HIMJraePCO15w5zCzIWYg=
github.com/sirupsen/logrus v1.3.0 h1:hI/7Q+DtNZ2kINb6qt/lS+IyXnHQe9e90POfeewL/ME=
github.com/sirupsen/logrus v1.3.0/go.mod h1:LxeOpSwHxABJmUn/MG1IvRgCAasNZTLOkJPxbbu5VWo=
github.com/spaolacci/murmur3 v0.0.0-20180118202830-f09979ecbc72 h1:qLC7fQah7D6K1B0ujays3HV9gkFtllcxhzImRR7ArPQ=
github.com/spaolacci/murmur3 v0.0.0-20180118202830-f09979ecbc72/go.mod h1:JwIasOWyU6f++ZhiEuf87xNszmSA2myDM2Kzu9HwQUA=
github.com/spf13/afero v1.1.2 h1:m8/z1t7/fwjysjQRYbP0RD+bUIF/8tJwPdEZsI83ACI=
github.com/spf13/afero v1.1.2/go.mod h1:j4pytiNVoe2o6bmDsKpLACNPDBIoEAkihy7loJ1B0CQ=
github.com/spf13/cast v1.3.0 h1:oget//CVOEoFewqQxwr0Ej5yjygnqGkvggSE/gB35Q8=
github.com/spf13/cast v1.3.0/go.mod h1:Qx5cxh0v+4UWYiBimWS+eyWzqEqokIECu5etghLkUJE=
github.com/spf13/cobra v0.0.3 h1:ZlrZ4XsMRm04Fr5pSFxBgfND2EBVa1nLpiy1stUsX/8=
github.com/spf13/cobra v0.0.3/go.mod h1:1l0Ry5zgKvJasoi3XT1TypsSe7PqH0Sj9dhYf7v3XqQ=
github.com/spf13/jwalterweatherman v1.0.0 h1:XHEdyB+EcvlqZamSM4ZOMGlc93t6AcsBEu9Gc1vn7yk=
github.com/spf13/jwalterweatherman v1.0.0/go.mod h1:cQK4TGJAtQXfYWX+Ddv3mKDzgVb68N+wFjFa4jdeBTo=
github.com/spf13/pflag v1.0.3 h1:zPAT6CGy6wXeQ7NtTnaTerfKOsV6V6F8agHXFiazDkg=
github.com/spf13/pflag v1.0.3/go.mod h1:DYY7MBk1bdzusC3SYhjObp+wFpr4gzcvqqNjLnInEg4=
github.com/spf13/viper v1.3.1 h1:5+8j8FTpnFV4nEImW/ofkzEt8VoOiLXxdYIDsB73T38=
github.com/spf13/viper v1.3.1/go.mod h1:ZiWeW+zYFKm7srdB9IoDzzZXaJaI5eL9QjNiN/DMA2s=
github.com/stretchr/objx v0.1.1/go.mod h1:HFkY916IF+rwdDfMAkV7OtwuqBVzrE8GR6GFx+wExME=
github.com/stretchr/testify v1.2.2 h1:bSDNvY7ZPG5RlJ8otE/7V6gMiyenm9RtJ7IUVIAoJ1w=
github.com/stretchr/testify v1.2.2/go.mod h1:a8OnRcib4nhh0OaRAV+Yts87kKdq0PP7pXfy6kDkUVs=
github.com/syndtr/goleveldb v0.0.0-20181127023241-353a9fca669c h1:3eGShk3EQf5gJCYW+WzA0TEJQd37HLOmlYF7N0YJwv0=
github.com/syndtr/goleveldb v0.0.0-20181127023241-353a9fca669c/go.mod h1:Z4AUp2Km+PwemOoO/VB5AOx9XSsIItzFjoJlOSiYmn0=
github.com/ugorji/go/codec v0.0.0-20181204163529-d75b2dcb6bc8 h1:3SVOIvH7Ae1KRYyQWRjXWJEA9sS/c/pjvH++55Gr648=
github.com/ugorji/go/codec v0.0.0-20181204163529-d75b2dcb6bc8/go.mod h1:VFNgLljTbGfSG7qAOspJ7OScBnGdDN/yBr0sguwnwf0=
github.com/whyrusleeping/base32 v0.0.0-20170828182744-c30ac30633cc h1:BCPnHtcboadS0DvysUuJXZ4lWVv5Bh5i7+tbIyi+ck4=
github.com/whyrusleeping/base32 v0.0.0-20170828182744-c30ac30633cc/go.mod h1:r45hJU7yEoA81k6MWNhpMj/kms0n14dkzkxYHoB96UM=
github.com/whyrusleeping/go-keyspace v0.0.0-20160322163242-5b898ac5add1 h1:EKhdznlJHPMoKr0XTrX+IlJs1LH3lyx2nfr1dOlZ79k=
github.com/whyrusleeping/go-keyspace v0.0.0-20160322163242-5b898ac5add1/go.mod h1:8UvriyWtv5Q5EOgjHaSseUEdkQfvwFv1I/In/O2M9gc=
github.com/whyrusleeping/go-logging v0.0.0-20170515211332-0457bb6b88fc h1:9lDbC6Rz4bwmou+oE6Dt4Cb2BGMur5eR/GYptkKUVHo=
github.com/whyrusleeping/go-logging v0.0.0-20170515211332-0457bb6b88fc/go.mod h1:bopw91TMyo8J3tvftk8xmU2kPmlrt4nScJQZU2hE5EM=
github.com/whyrusleeping/go-notifier v0.0.0-20170827234753-097c5d47330f h1:M/lL30eFZTKnomXY6huvM6G0+gVquFNf6mxghaWlFUg=
github.com/whyrusleeping/go-notifier v0.0.0-20170827234753-097c5d47330f/go.mod h1:cZNvX9cFybI01GriPRMXDtczuvUhgbcYr9iCGaNlRv8=
github.com/whyrusleeping/go-smux-multiplex v3.0.16+incompatible h1:iqksILj8STw03EJQe7Laj4ubnw+ojOyik18cd5vPL1o=
github.com/whyrusleeping/go-smux-multiplex v3.0.16+incompatible/go.mod h1:34LEDbeKFZInPUrAG+bjuJmUXONGdEFW7XL0SpTY1y4=
github.com/whyrusleeping/go-smux-multistream v2.0.2+incompatible h1:BdYHctE9HJZLquG9tpTdwWcbG4FaX6tVKPGjCGgiVxo=
github.com/whyrusleeping/go-smux-multistream v2.0.2+incompatible/go.mod h1:dRWHHvc4HDQSHh9gbKEBbUZ+f2Q8iZTPG3UOGYODxSQ=
github.com/whyrusleeping/go-smux-yamux v2.0.8+incompatible h1:IGm/UP/JpEFS6D787sZnZg7RA6fZIR9c/Ms9DeAVNuk=
github.com/whyrusleeping/go-smux-yamux v2.0.8+incompatible/go.mod h1:6qHUzBXUbB9MXmw3AUdB52L8sEb/hScCqOdW2kj/wuI=
github.com/whyrusleeping/mafmt v1.2.8 h1:TCghSl5kkwEE0j+sU/gudyhVMRlpBin8fMBBHg59EbA=
github.com/whyrusleeping/mafmt v1.2.8/go.mod h1:faQJFPbLSxzD9xpA02ttW/tS9vZykNvXwGvqIpk20FA=
github.com/whyrusleeping/multiaddr-filter v0.0.0-20160516205228-e903e4adabd7 h1:E9S12nwJwEOXe2d6gT6qxdvqMnNq+VnSsKPgm2ZZNds=
github.com/whyrusleeping/multiaddr-filter v0.0.0-20160516205228-e903e4adabd7/go.mod h1:X2c0RVCI1eSUFI8eLcY3c0423ykwiUdxLJtkDvruhjI=
github.com/whyrusleeping/yamux v1.1.2 h1:oGpjhLpa0mZnRMbthCkEe+61VvkQGFSkQgm9WvaHgRU=
github.com/whyrusleeping/yamux v1.1.2/go.mod h1:E8LnQQ8HKx5KD29HZFUwM1PxCOdPRzGwur1mcYhXcD8=
github.com/xordataexchange/crypt v0.0.3-0.20170626215501-b2862e3d0a77/go.mod h1:aYKd//L2LvnjZzWKhF00oedf4jCCReLcmhLdhm1A27Q=
github.com/xuperchain/go-libp2p-kad-dht v4.4.13-0.20190219145403-6d02cbb41795+incompatible h1:rNPNadaOiyuXVkzHNGWf7240LUK11XcV9xdzyr1xPX4=
github.com/xuperchain/go-libp2p-kad-dht v4.4.13-0.20190219145403-6d02cbb41795+incompatible/go.mod h1:sQAB/OgPNjmOQJT9VZSFv0PL6nDfQmOjoLU5/3bu/IA=
github.com/xuperchain/log15 v0.0.0-20190523125943-b2239a7cda1a h1:LvKPZc0/AmGys642f3DbEAXRdvjBDQKAqdpBbGaJMEI=
github.com/xuperchain/log15 v0.0.0-20190523125943-b2239a7cda1a/go.mod h1:90Da9GDXy9Yle79ZHSJY1c7X+1meBKsoX0vkRy09xis=
golang.org/x/crypto v0.0.0-20180904163835-0709b304e793/go.mod h1:6SG95UA2DQfeDnfUPMdvaQW0Q7yPrPDi9nlGo2tz2b4=
golang.org/x/crypto v0.0.0-20181203042331-505ab145d0a9/go.mod h1:6SG95UA2DQfeDnfUPMdvaQW0Q7yPrPDi9nlGo2tz2b4=
golang.org/x/crypto v0.0.0-20190103213133-ff983b9c42bc h1:F5tKCVGp+MUAHhKp5MZtGqAlGX3+oCsiL1Q629FL90M=
golang.org/x/crypto v0.0.0-20190103213133-ff983b9c42bc/go.mod h1:6SG95UA2DQfeDnfUPMdvaQW0Q7yPrPDi9nlGo2tz2b4=
golang.org/x/lint v0.0.0-20180702182130-06c8688daad7/go.mod h1:UVdnD1Gm6xHRNCYTkRU2/jEulfH38KcIWyp/GAMgvoE=
golang.org/x/lint v0.0.0-20181026193005-c67002cb31c3/go.mod h1:UVdnD1Gm6xHRNCYTkRU2/jEulfH38KcIWyp/GAMgvoE=
golang.org/x/net v0.0.0-20180524181706-dfa909b99c79/go.mod h1:mL1N/T3taQHkDXs73rZJwtUhF3w3ftmwwsq0BUmARs4=
golang.org/x/net v0.0.0-20180826012351-8a410e7b638d/go.mod h1:mL1N/T3taQHkDXs73rZJwtUhF3w3ftmwwsq0BUmARs4=
golang.org/x/net v0.0.0-20180906233101-161cd47e91fd/go.mod h1:mL1N/T3taQHkDXs73rZJwtUhF3w3ftmwwsq0BUmARs4=
golang.org/x/net v0.0.0-20181106065722-10aee1819953/go.mod h1:mL1N/T3taQHkDXs73rZJwtUhF3w3ftmwwsq0BUmARs4=
golang.org/x/net v0.0.0-20181201002055-351d144fa1fc/go.mod h1:mL1N/T3taQHkDXs73rZJwtUhF3w3ftmwwsq0BUmARs4=
golang.org/x/net v0.0.0-20181220203305-927f97764cc3/go.mod h1:mL1N/T3taQHkDXs73rZJwtUhF3w3ftmwwsq0BUmARs4=
golang.org/x/net v0.0.0-20190110200230-915654e7eabc h1:Yx9JGxI1SBhVLFjpAkWMaO1TF+xyqtHLjZpvQboJGiM=
golang.org/x/net v0.0.0-20190110200230-915654e7eabc/go.mod h1:mL1N/T3taQHkDXs73rZJwtUhF3w3ftmwwsq0BUmARs4=
golang.org/x/oauth2 v0.0.0-20180821212333-d2e6202438be/go.mod h1:N/0e6XlmueqKjAGxoOufVs8QHGRruUQn6yWY3a++T0U=
golang.org/x/sync v0.0.0-20180314180146-1d60e4601c6f/go.mod h1:RxMgew5VJxzue5/jJTE5uejpjVlOe/izrB70Jof72aM=
golang.org/x/sync v0.0.0-20181108010431-42b317875d0f h1:Bl/8QSvNqXvPGPGXa2z5xUTmV7VDcZyvRZ+QQXkXTZQ=
golang.org/x/sync v0.0.0-20181108010431-42b317875d0f/go.mod h1:RxMgew5VJxzue5/jJTE5uejpjVlOe/izrB70Jof72aM=
golang.org/x/sys v0.0.0-20180830151530-49385e6e1522/go.mod h1:STP8DvDyc/dI5b8T5hshtkjS+E42TnysNCUPdjciGhY=
golang.org/x/sys v0.0.0-20180905080454-ebe1bf3edb33/go.mod h1:STP8DvDyc/dI5b8T5hshtkjS+E42TnysNCUPdjciGhY=
golang.org/x/sys v0.0.0-20180909124046-d0be0721c37e/go.mod h1:STP8DvDyc/dI5b8T5hshtkjS+E42TnysNCUPdjciGhY=
golang.org/x/sys v0.0.0-20181107165924-66b7b1311ac8/go.mod h1:STP8DvDyc/dI5b8T5hshtkjS+E42TnysNCUPdjciGhY=
golang.org/x/sys v0.0.0-20181205085412-a5c9d58dba9a h1:1n5lsVfiQW3yfsRGu98756EH1YthsFqr/5mxHduZW2A=
golang.org/x/sys v0.0.0-20181205085412-a5c9d58dba9a/go.mod h1:STP8DvDyc/dI5b8T5hshtkjS+E42TnysNCUPdjciGhY=
golang.org/x/sys v0.0.0-20190102155601-82a175fd1598 h1:S8GOgffXV1X3fpVG442QRfWOt0iFl79eHJ7OPt725bo=
golang.org/x/sys v0.0.0-20190102155601-82a175fd1598/go.mod h1:STP8DvDyc/dI5b8T5hshtkjS+E42TnysNCUPdjciGhY=
golang.org/x/text v0.3.0 h1:g61tztE5qeGQ89tm6NTjjM9VPIm088od1l6aSorWRWg=
golang.org/x/text v0.3.0/go.mod h1:NqM8EUOU14njkJ3fqMW+pc6Ldnwhi/IjpwHt7yyuwOQ=
golang.org/x/time v0.0.0-20181108054448-85acf8d2951c h1:fqgJT0MGcGpPgpWU7VRdRjuArfcOvC4AoJmILihzhDg=
golang.org/x/time v0.0.0-20181108054448-85acf8d2951c/go.mod h1:tRJNPiyCQ0inRvYxbN9jk5I+vvW/OXSQhTDSoE431IQ=
golang.org/x/tools v0.0.0-20180828015842-6cd1fcedba52/go.mod h1:n7NCudcB/nEzxVGmLbDWY5pfWTLqBcC2KZ6jyYvM4mQ=
golang.org/x/tools v0.0.0-20190114222345-bf090417da8b/go.mod h1:n7NCudcB/nEzxVGmLbDWY5pfWTLqBcC2KZ6jyYvM4mQ=
google.golang.org/appengine v1.1.0 h1:igQkv0AAhEIvTEpD5LIpAfav2eeVO9HBTjvKHVJPRSs=
google.golang.org/appengine v1.1.0/go.mod h1:EbEs0AVv82hx2wNQdGPgUI5lhzA/G0D9YwlJXL52JkM=
google.golang.org/genproto v0.0.0-20180817151627-c66870c02cf8/go.mod h1:JiN7NxoALGmiZfu7CAH4rXhgtRTLTxftemlI0sWmxmc=
google.golang.org/genproto v0.0.0-20181202183823-bd91e49a0898 h1:yvw+zsSmSM02Z5H3ZdEV7B7Ql7eFrjQTnmByJvK+3J8=
google.golang.org/genproto v0.0.0-20181202183823-bd91e49a0898/go.mod h1:7Ep/1NZk928CDR8SjdVbjWNpdIf6nzjE3BTgJDr2Atg=
google.golang.org/grpc v1.16.0/go.mod h1:0JHn/cJsOMiMfNA9+DeHDlAU7KAAB5GDlYFpa9MZMio=
google.golang.org/grpc v1.19.0 h1:cfg4PD8YEdSFnm7qLV4++93WcmhH2nIUhMjhdCvl3j8=
google.golang.org/grpc v1.19.0/go.mod h1:mqu4LbDTu4XGKhr4mRzUsmM4RtVoemTSY81AxZiDr8c=
gopkg.in/check.v1 v0.0.0-20161208181325-20d25e280405 h1:yhCVgyC4o1eVCa2tZl7eS0r+SDo693bJlVdllGtEeKM=
gopkg.in/check.v1 v0.0.0-20161208181325-20d25e280405/go.mod h1:Co6ibVJAznAaIkqp8huTwlJQCZ016jof/cbN4VW5Yz0=
gopkg.in/check.v1 v1.0.0-20180628173108-788fd7840127 h1:qIbj1fsPNlZgppZ+VLlY7N33q108Sa+fhmuc+sWQYwY=
gopkg.in/check.v1 v1.0.0-20180628173108-788fd7840127/go.mod h1:Co6ibVJAznAaIkqp8huTwlJQCZ016jof/cbN4VW5Yz0=
gopkg.in/fsnotify.v1 v1.4.7 h1:xOHLXZwVvI9hhs+cLKq5+I5onOuwQLhQwiu63xxlHs4=
gopkg.in/fsnotify.v1 v1.4.7/go.mod h1:Tz8NjZHkW78fSQdbUxIjBTcgA1z1m8ZHf0WmKUhAMys=
gopkg.in/resty.v1 v1.12.0/go.mod h1:mDo4pnntr5jdWRML875a/NmxYqAlA73dVijT2AXvQQo=
gopkg.in/tomb.v1 v1.0.0-20141024135613-dd632973f1e7 h1:uRGJdciOHaEIrze2W8Q3AKkepLTh2hOroT7a+7czfdQ=
gopkg.in/tomb.v1 v1.0.0-20141024135613-dd632973f1e7/go.mod h1:dt/ZhP58zS4L8KSrWDmTeBkI65Dw0HsyUHuEVlX15mw=
gopkg.in/yaml.v2 v2.0.0-20170812160011-eb3733d160e7/go.mod h1:JAlM8MvJe8wmxCU4Bli9HhUf9+ttbYbLASfIpnQbh74=
gopkg.in/yaml.v2 v2.2.1/go.mod h1:hI93XBmqTisBFMUTm0b8Fm+jr3Dg1NNxqwp+5A1VGuI=
gopkg.in/yaml.v2 v2.2.2 h1:ZCJp+EgiOT7lHqUV2J862kp8Qj64Jo6az82+3Td9dZw=
gopkg.in/yaml.v2 v2.2.2/go.mod h1:hI93XBmqTisBFMUTm0b8Fm+jr3Dg1NNxqwp+5A1VGuI=
gotest.tools v2.2.0+incompatible h1:y0IMTfclpMdsdIbr6uwmJn5/WZ7vFuObxDMdrylFM3A=
gotest.tools v2.2.0+incompatible/go.mod h1:DsYFclhRJ6vuDpmuTbkuFWG+y2sxOXAzmJt81HFBacw=
honnef.co/go/tools v0.0.0-20180728063816-88497007e858/go.mod h1:rf3lG4BRIbNafJWhAfAdb/ePZxsR/4RtNHQocxwk9r4=
honnef.co/go/tools v0.0.0-20190102054323-c2f93a96b099/go.mod h1:rf3lG4BRIbNafJWhAfAdb/ePZxsR/4RtNHQocxwk9r4=
